# This file is automatically @generated by Cargo.
# It is not intended for manual editing.
version = 4

[[package]]
name = "caj2pdf-cli"
version = "0.1.0"
dependencies = [
 "caj2pdf-core",
]

[[package]]
name = "caj2pdf-core"
version = "0.1.0"

[[package]]
name = "caj2pdf-wasm"
version = "0.1.0"
dependencies = [
 "caj2pdf-core",
]
